
Microsoft Visual Studio Solution File, Format Version 12.00
# Visual Studio Version 17
VisualStudioVersion = 17.10.35122.118
MinimumVisualStudioVersion = 10.0.40219.1
Project("{FAE04EC0-301F-11D3-BF4B-00C04F79EFBC}") = "PRACTICA1.Android", "PRACTICA1.Android\PRACTICA1.Android.csproj", "{BDB79318-9DFF-463F-9417-37CBEA6BA54A}"
EndProject
Project("{FAE04EC0-301F-11D3-BF4B-00C04F79EFBC}") = "PRACTICA1.iOS", "PRACTICA1.iOS\PRACTICA1.iOS.csproj", "{B91AD82B-32D8-4A66-9212-0A607930384A}"
EndProject
Project("{FAE04EC0-301F-11D3-BF4B-00C04F79EFBC}") = "PRACTICA1", "PRACTICA1\PRACTICA1.csproj", "{8A784584-23CB-4CE6-A548-BF7053694BAC}"
EndProject
Global
	GlobalSection(SolutionConfigurationPlatforms) = preSolution
		Debug|Any CPU = Debug|Any CPU
		Debug|iPhone = Debug|iPhone
		Debug|iPhoneSimulator = Debug|iPhoneSimulator
		Release|Any CPU = Release|Any CPU
		Release|iPhone = Release|iPhone
		Release|iPhoneSimulator = Release|iPhoneSimulator
	EndGlobalSection
	GlobalSection(ProjectConfigurationPlatforms) = postSolution
		{BDB79318-9DFF-463F-9417-37CBEA6BA54A}.Debug|Any CPU.ActiveCfg = Debug|Any CPU
		{BDB79318-9DFF-463F-9417-37CBEA6BA54A}.Debug|Any CPU.Build.0 = Debug|Any CPU
		{BDB79318-9DFF-463F-9417-37CBEA6BA54A}.Debug|Any CPU.Deploy.0 = Debug|Any CPU
		{BDB79318-9DFF-463F-9417-37CBEA6BA54A}.Debug|iPhone.ActiveCfg = Debug|Any CPU
		{BDB79318-9DFF-463F-9417-37CBEA6BA54A}.Debug|iPhone.Build.0 = Debug|Any CPU
		{BDB79318-9DFF-463F-9417-37CBEA6BA54A}.Debug|iPhone.Deploy.0 = Debug|Any CPU
		{BDB79318-9DFF-463F-9417-37CBEA6BA54A}.Debug|iPhoneSimulator.ActiveCfg = Debug|Any CPU
		{BDB79318-9DFF-463F-9417-37CBEA6BA54A}.Debug|iPhoneSimulator.Build.0 = Debug|Any CPU
		{BDB79318-9DFF-463F-9417-37CBEA6BA54A}.Debug|iPhoneSimulator.Deploy.0 = Debug|Any CPU
		{BDB79318-9DFF-463F-9417-37CBEA6BA54A}.Release|Any CPU.ActiveCfg = Release|Any CPU
		{BDB79318-9DFF-463F-9417-37CBEA6BA54A}.Release|Any CPU.Build.0 = Release|Any CPU
		{BDB79318-9DFF-463F-9417-37CBEA6BA54A}.Release|Any CPU.Deploy.0 = Release|Any CPU
		{BDB79318-9DFF-463F-9417-37CBEA6BA54A}.Release|iPhone.ActiveCfg = Release|Any CPU
		{BDB79318-9DFF-463F-9417-37CBEA6BA54A}.Release|iPhone.Build.0 = Release|Any CPU
		{BDB79318-9DFF-463F-9417-37CBEA6BA54A}.Release|iPhone.Deploy.0 = Release|Any CPU
		{BDB79318-9DFF-463F-9417-37CBEA6BA54A}.Release|iPhoneSimulator.ActiveCfg = Release|Any CPU
		{BDB79318-9DFF-463F-9417-37CBEA6BA54A}.Release|iPhoneSimulator.Build.0 = Release|Any CPU
		{BDB79318-9DFF-463F-9417-37CBEA6BA54A}.Release|iPhoneSimulator.Deploy.0 = Release|Any CPU
		{B91AD82B-32D8-4A66-9212-0A607930384A}.Debug|Any CPU.ActiveCfg = Debug|iPhone
		{B91AD82B-32D8-4A66-9212-0A607930384A}.Debug|Any CPU.Build.0 = Debug|iPhone
		{B91AD82B-32D8-4A66-9212-0A607930384A}.Debug|Any CPU.Deploy.0 = Debug|iPhone
		{B91AD82B-32D8-4A66-9212-0A607930384A}.Debug|iPhone.ActiveCfg = Debug|iPhone
		{B91AD82B-32D8-4A66-9212-0A607930384A}.Debug|iPhone.Build.0 = Debug|iPhone
		{B91AD82B-32D8-4A66-9212-0A607930384A}.Debug|iPhone.Deploy.0 = Debug|iPhone
		{B91AD82B-32D8-4A66-9212-0A607930384A}.Debug|iPhoneSimulator.ActiveCfg = Debug|iPhoneSimulator
		{B91AD82B-32D8-4A66-9212-0A607930384A}.Debug|iPhoneSimulator.Build.0 = Debug|iPhoneSimulator
		{B91AD82B-32D8-4A66-9212-0A607930384A}.Debug|iPhoneSimulator.Deploy.0 = Debug|iPhoneSimulator
		{B91AD82B-32D8-4A66-9212-0A607930384A}.Release|Any CPU.ActiveCfg = Release|iPhoneSimulator
		{B91AD82B-32D8-4A66-9212-0A607930384A}.Release|Any CPU.Build.0 = Release|iPhoneSimulator
		{B91AD82B-32D8-4A66-9212-0A607930384A}.Release|Any CPU.Deploy.0 = Release|iPhoneSimulator
		{B91AD82B-32D8-4A66-9212-0A607930384A}.Release|iPhone.ActiveCfg = Release|iPhone
		{B91AD82B-32D8-4A66-9212-0A607930384A}.Release|iPhone.Build.0 = Release|iPhone
		{B91AD82B-32D8-4A66-9212-0A607930384A}.Release|iPhone.Deploy.0 = Release|iPhone
		{B91AD82B-32D8-4A66-9212-0A607930384A}.Release|iPhoneSimulator.ActiveCfg = Release|iPhoneSimulator
		{B91AD82B-32D8-4A66-9212-0A607930384A}.Release|iPhoneSimulator.Build.0 = Release|iPhoneSimulator
		{B91AD82B-32D8-4A66-9212-0A607930384A}.Release|iPhoneSimulator.Deploy.0 = Release|iPhoneSimulator
		{8A784584-23CB-4CE6-A548-BF7053694BAC}.Debug|Any CPU.ActiveCfg = Debug|Any CPU
		{8A784584-23CB-4CE6-A548-BF7053694BAC}.Debug|Any CPU.Build.0 = Debug|Any CPU
		{8A784584-23CB-4CE6-A548-BF7053694BAC}.Debug|Any CPU.Deploy.0 = Debug|Any CPU
		{8A784584-23CB-4CE6-A548-BF7053694BAC}.Debug|iPhone.ActiveCfg = Debug|Any CPU
		{8A784584-23CB-4CE6-A548-BF7053694BAC}.Debug|iPhone.Build.0 = Debug|Any CPU
		{8A784584-23CB-4CE6-A548-BF7053694BAC}.Debug|iPhone.Deploy.0 = Debug|Any CPU
		{8A784584-23CB-4CE6-A548-BF7053694BAC}.Debug|iPhoneSimulator.ActiveCfg = Debug|Any CPU
		{8A784584-23CB-4CE6-A548-BF7053694BAC}.Debug|iPhoneSimulator.Build.0 = Debug|Any CPU
		{8A784584-23CB-4CE6-A548-BF7053694BAC}.Debug|iPhoneSimulator.Deploy.0 = Debug|Any CPU
		{8A784584-23CB-4CE6-A548-BF7053694BAC}.Release|Any CPU.ActiveCfg = Release|Any CPU
		{8A784584-23CB-4CE6-A548-BF7053694BAC}.Release|Any CPU.Build.0 = Release|Any CPU
		{8A784584-23CB-4CE6-A548-BF7053694BAC}.Release|Any CPU.Deploy.0 = Release|Any CPU
		{8A784584-23CB-4CE6-A548-BF7053694BAC}.Release|iPhone.ActiveCfg = Release|Any CPU
		{8A784584-23CB-4CE6-A548-BF7053694BAC}.Release|iPhone.Build.0 = Release|Any CPU
		{8A784584-23CB-4CE6-A548-BF7053694BAC}.Release|iPhone.Deploy.0 = Release|Any CPU
		{8A784584-23CB-4CE6-A548-BF7053694BAC}.Release|iPhoneSimulator.ActiveCfg = Release|Any CPU
		{8A784584-23CB-4CE6-A548-BF7053694BAC}.Release|iPhoneSimulator.Build.0 = Release|Any CPU
		{8A784584-23CB-4CE6-A548-BF7053694BAC}.Release|iPhoneSimulator.Deploy.0 = Release|Any CPU
	EndGlobalSection
	GlobalSection(SolutionProperties) = preSolution
		HideSolutionNode = FALSE
	EndGlobalSection
	GlobalSection(ExtensibilityGlobals) = postSolution
		SolutionGuid = {EC794497-0406-44F7-8BC5-A9A1FA8526D3}
	EndGlobalSection
EndGlobal
